
Microsoft Visual Studio Solution File, Format Version 12.00
# Visual Studio 15
Project("{FAE04EC0-301F-11D3-BF4B-00C04F79EFBC}") = "NavMeshComponents", "NavMeshComponents.csproj", "{98C7A1EB-9249-9375-5184-8D0D404BF897}"
EndProject
Project("{FAE04EC0-301F-11D3-BF4B-00C04F79EFBC}") = "Assembly-CSharp", "Assembly-CSharp.csproj", "{6108F6A7-39A3-A699-5699-8CCF439E82A4}"
EndProject
Project("{FAE04EC0-301F-11D3-BF4B-00C04F79EFBC}") = "NavMeshComponentsEditor", "NavMeshComponentsEditor.csproj", "{477218EE-826B-4054-69F4-DD1F7B5ED470}"
EndProject
Global
	GlobalSection(SolutionConfigurationPlatforms) = preSolution
		Debug|Any CPU = Debug|Any CPU
		Release|Any CPU = Release|Any CPU
	EndGlobalSection
	GlobalSection(ProjectConfigurationPlatforms) = postSolution
		{98C7A1EB-9249-9375-5184-8D0D404BF897}.Debug|Any CPU.ActiveCfg = Debug|Any CPU
		{98C7A1EB-9249-9375-5184-8D0D404BF897}.Debug|Any CPU.Build.0 = Debug|Any CPU
		{98C7A1EB-9249-9375-5184-8D0D404BF897}.Release|Any CPU.ActiveCfg = Release|Any CPU
		{98C7A1EB-9249-9375-5184-8D0D404BF897}.Release|Any CPU.Build.0 = Release|Any CPU
		{6108F6A7-39A3-A699-5699-8CCF439E82A4}.Debug|Any CPU.ActiveCfg = Debug|Any CPU
		{6108F6A7-39A3-A699-5699-8CCF439E82A4}.Debug|Any CPU.Build.0 = Debug|Any CPU
		{6108F6A7-39A3-A699-5699-8CCF439E82A4}.Release|Any CPU.ActiveCfg = Release|Any CPU
		{6108F6A7-39A3-A699-5699-8CCF439E82A4}.Release|Any CPU.Build.0 = Release|Any CPU
		{477218EE-826B-4054-69F4-DD1F7B5ED470}.Debug|Any CPU.ActiveCfg = Debug|Any CPU
		{477218EE-826B-4054-69F4-DD1F7B5ED470}.Debug|Any CPU.Build.0 = Debug|Any CPU
		{477218EE-826B-4054-69F4-DD1F7B5ED470}.Release|Any CPU.ActiveCfg = Release|Any CPU
		{477218EE-826B-4054-69F4-DD1F7B5ED470}.Release|Any CPU.Build.0 = Release|Any CPU
	EndGlobalSection
	GlobalSection(SolutionProperties) = preSolution
		HideSolutionNode = FALSE
	EndGlobalSection
EndGlobal
